
Microsoft Visual Studio Solution File, Format Version 11.00
# Visual Studio 2010
Project("{FAE04EC0-301F-11D3-BF4B-00C04F79EFBC}") = "Casa de Cambio Ivan Yan João", "Casa de Cambio Ivan Yan João.csproj", "{FCAE2D4C-7DB8-4125-8897-FD160DBC3B43}"
EndProject
Global
	GlobalSection(SolutionConfigurationPlatforms) = preSolution
		Debug|Any CPU = Debug|Any CPU
		Release|Any CPU = Release|Any CPU
	EndGlobalSection
	GlobalSection(ProjectConfigurationPlatforms) = postSolution
		{FCAE2D4C-7DB8-4125-8897-FD160DBC3B43}.Debug|Any CPU.ActiveCfg = Debug|Any CPU
		{FCAE2D4C-7DB8-4125-8897-FD160DBC3B43}.Debug|Any CPU.Build.0 = Debug|Any CPU
		{FCAE2D4C-7DB8-4125-8897-FD160DBC3B43}.Release|Any CPU.ActiveCfg = Release|Any CPU
		{FCAE2D4C-7DB8-4125-8897-FD160DBC3B43}.Release|Any CPU.Build.0 = Release|Any CPU
	EndGlobalSection
	GlobalSection(SolutionProperties) = preSolution
		HideSolutionNode = FALSE
	EndGlobalSection
EndGlobal
